Microsoft Visual Studio Solution File, Format Version 12.00
# Visual Studio 14
VisualStudioVersion = 14.0.24720.0
MinimumVisualStudioVersion = 10.0.40219.1
Project("{8BC9CEB8-8B4A-11D0-8D11-00A0C91BC942}") = "binderoo_host", "binderoo_host.vcxproj", "{AE7906A6-84A5-4DEE-88AE-61632FDB5BDC}"
EndProject
Project("{8BC9CEB8-8B4A-11D0-8D11-00A0C91BC942}") = "binderoo_util", "binderoo_util.vcxproj", "{5DAFEA8F-C2B2-4BE7-8345-B09D11861CE5}"
	ProjectSection(ProjectDependencies) = postProject
		{AE7906A6-84A5-4DEE-88AE-61632FDB5BDC} = {AE7906A6-84A5-4DEE-88AE-61632FDB5BDC}
	EndProjectSection
EndProject
Global
	GlobalSection(SolutionConfigurationPlatforms) = preSolution
		Debug|x64 = Debug|x64
		Release|x64 = Release|x64
	EndGlobalSection
	GlobalSection(ProjectConfigurationPlatforms) = postSolution
		{AE7906A6-84A5-4DEE-88AE-61632FDB5BDC}.Debug|x64.ActiveCfg = Debug|x64
		{AE7906A6-84A5-4DEE-88AE-61632FDB5BDC}.Debug|x64.Build.0 = Debug|x64
		{AE7906A6-84A5-4DEE-88AE-61632FDB5BDC}.Release|x64.ActiveCfg = Release|x64
		{AE7906A6-84A5-4DEE-88AE-61632FDB5BDC}.Release|x64.Build.0 = Release|x64
		{5DAFEA8F-C2B2-4BE7-8345-B09D11861CE5}.Debug|x64.ActiveCfg = Debug|x64
		{5DAFEA8F-C2B2-4BE7-8345-B09D11861CE5}.Debug|x64.Build.0 = Debug|x64
		{5DAFEA8F-C2B2-4BE7-8345-B09D11861CE5}.Release|x64.ActiveCfg = Release|x64
		{5DAFEA8F-C2B2-4BE7-8345-B09D11861CE5}.Release|x64.Build.0 = Release|x64
	EndGlobalSection
	GlobalSection(SolutionProperties) = preSolution
		HideSolutionNode = FALSE
	EndGlobalSection
EndGlobal
